
Microsoft Visual Studio Solution File, Format Version 12.00
# Visual Studio Version 16
VisualStudioVersion = 16.0.32228.343
MinimumVisualStudioVersion = 10.0.40219.1
Project("{8BC9CEB8-8B4A-11D0-8D11-00A0C91BC942}") = "Home-Work-35-Task -1", "Home-Work-35-Task -1\Home-Work-35-Task -1.vcxproj", "{5D3181A9-AED1-4D8C-8D74-7A5D09180956}"
EndProject
Global
	GlobalSection(SolutionConfigurationPlatforms) = preSolution
		Debug|x64 = Debug|x64
		Debug|x86 = Debug|x86
		Release|x64 = Release|x64
		Release|x86 = Release|x86
	EndGlobalSection
	GlobalSection(ProjectConfigurationPlatforms) = postSolution
		{5D3181A9-AED1-4D8C-8D74-7A5D09180956}.Debug|x64.ActiveCfg = Debug|x64
		{5D3181A9-AED1-4D8C-8D74-7A5D09180956}.Debug|x64.Build.0 = Debug|x64
		{5D3181A9-AED1-4D8C-8D74-7A5D09180956}.Debug|x86.ActiveCfg = Debug|Win32
		{5D3181A9-AED1-4D8C-8D74-7A5D09180956}.Debug|x86.Build.0 = Debug|Win32
		{5D3181A9-AED1-4D8C-8D74-7A5D09180956}.Release|x64.ActiveCfg = Release|x64
		{5D3181A9-AED1-4D8C-8D74-7A5D09180956}.Release|x64.Build.0 = Release|x64
		{5D3181A9-AED1-4D8C-8D74-7A5D09180956}.Release|x86.ActiveCfg = Release|Win32
		{5D3181A9-AED1-4D8C-8D74-7A5D09180956}.Release|x86.Build.0 = Release|Win32
	EndGlobalSection
	GlobalSection(SolutionProperties) = preSolution
		HideSolutionNode = FALSE
	EndGlobalSection
	GlobalSection(ExtensibilityGlobals) = postSolution
		SolutionGuid = {BEF71821-32D5-411F-AEEA-54FF243B907E}
	EndGlobalSection
EndGlobal
